
Microsoft Visual Studio Solution File, Format Version 12.00
# Visual Studio 15
Project("{FAE04EC0-301F-11D3-BF4B-00C04F79EFBC}") = "Books.Infra.CrossCutting.IoC", "Books.Infra.CrossCutting.IoC\Books.Infra.CrossCutting.IoC.csproj", "{78930A3D-79AF-4F51-ABBA-2AFEE21FD2F4}"
EndProject
Project("{FAE04EC0-301F-11D3-BF4B-00C04F79EFBC}") = "Books.ApplicationService", "Books.ApplicationService\Books.ApplicationService.csproj", "{42760E15-7321-49D2-A6DC-1451C4DE920D}"
EndProject
Project("{FAE04EC0-301F-11D3-BF4B-00C04F79EFBC}") = "Books.Api", "Books.Api\Books.Api.csproj", "{1092A33C-DCF4-4D7A-9892-6DFFC6929452}"
EndProject
Project("{FAE04EC0-301F-11D3-BF4B-00C04F79EFBC}") = "Books.Domain", "Books.Domain\Books.Domain.csproj", "{7BE80911-C561-4613-86DF-F4871786B31E}"
EndProject
Project("{FAE04EC0-301F-11D3-BF4B-00C04F79EFBC}") = "Books.Infra.Data", "Books.Infra.Data\Books.Infra.Data.csproj", "{9C95D341-0AE9-45C7-9540-F60A1BB020CF}"
EndProject
Project("{FAE04EC0-301F-11D3-BF4B-00C04F79EFBC}") = "Books.Domain.Shared", "Books.Domain.Shared\Books.Domain.Shared.csproj", "{1D2F0BCF-8420-4B2E-9A17-0E7F51603E05}"
EndProject
Project("{FAE04EC0-301F-11D3-BF4B-00C04F79EFBC}") = "Books.Test", "Books.Test\Books.Test.csproj", "{B209E025-98E7-4D3E-A3D0-ACEB4935DFCF}"
EndProject
Project("{FAE04EC0-301F-11D3-BF4B-00C04F79EFBC}") = "Books.Infra.Middleware", "Books.Infra.Middleware\Books.Infra.Middleware.csproj", "{B70098A2-1BC4-4900-816E-CFC4B8D88561}"
EndProject
Global
	GlobalSection(SolutionConfigurationPlatforms) = preSolution
		Debug|Any CPU = Debug|Any CPU
		Release|Any CPU = Release|Any CPU
	EndGlobalSection
	GlobalSection(ProjectConfigurationPlatforms) = postSolution
		{78930A3D-79AF-4F51-ABBA-2AFEE21FD2F4}.Debug|Any CPU.ActiveCfg = Debug|Any CPU
		{78930A3D-79AF-4F51-ABBA-2AFEE21FD2F4}.Debug|Any CPU.Build.0 = Debug|Any CPU
		{78930A3D-79AF-4F51-ABBA-2AFEE21FD2F4}.Release|Any CPU.ActiveCfg = Release|Any CPU
		{78930A3D-79AF-4F51-ABBA-2AFEE21FD2F4}.Release|Any CPU.Build.0 = Release|Any CPU
		{42760E15-7321-49D2-A6DC-1451C4DE920D}.Debug|Any CPU.ActiveCfg = Debug|Any CPU
		{42760E15-7321-49D2-A6DC-1451C4DE920D}.Debug|Any CPU.Build.0 = Debug|Any CPU
		{42760E15-7321-49D2-A6DC-1451C4DE920D}.Release|Any CPU.ActiveCfg = Release|Any CPU
		{42760E15-7321-49D2-A6DC-1451C4DE920D}.Release|Any CPU.Build.0 = Release|Any CPU
		{1092A33C-DCF4-4D7A-9892-6DFFC6929452}.Debug|Any CPU.ActiveCfg = Debug|Any CPU
		{1092A33C-DCF4-4D7A-9892-6DFFC6929452}.Debug|Any CPU.Build.0 = Debug|Any CPU
		{1092A33C-DCF4-4D7A-9892-6DFFC6929452}.Release|Any CPU.ActiveCfg = Release|Any CPU
		{1092A33C-DCF4-4D7A-9892-6DFFC6929452}.Release|Any CPU.Build.0 = Release|Any CPU
		{7BE80911-C561-4613-86DF-F4871786B31E}.Debug|Any CPU.ActiveCfg = Debug|Any CPU
		{7BE80911-C561-4613-86DF-F4871786B31E}.Debug|Any CPU.Build.0 = Debug|Any CPU
		{7BE80911-C561-4613-86DF-F4871786B31E}.Release|Any CPU.ActiveCfg = Release|Any CPU
		{7BE80911-C561-4613-86DF-F4871786B31E}.Release|Any CPU.Build.0 = Release|Any CPU
		{9C95D341-0AE9-45C7-9540-F60A1BB020CF}.Debug|Any CPU.ActiveCfg = Debug|Any CPU
		{9C95D341-0AE9-45C7-9540-F60A1BB020CF}.Debug|Any CPU.Build.0 = Debug|Any CPU
		{9C95D341-0AE9-45C7-9540-F60A1BB020CF}.Release|Any CPU.ActiveCfg = Release|Any CPU
		{9C95D341-0AE9-45C7-9540-F60A1BB020CF}.Release|Any CPU.Build.0 = Release|Any CPU
		{1D2F0BCF-8420-4B2E-9A17-0E7F51603E05}.Debug|Any CPU.ActiveCfg = Debug|Any CPU
		{1D2F0BCF-8420-4B2E-9A17-0E7F51603E05}.Debug|Any CPU.Build.0 = Debug|Any CPU
		{1D2F0BCF-8420-4B2E-9A17-0E7F51603E05}.Release|Any CPU.ActiveCfg = Release|Any CPU
		{1D2F0BCF-8420-4B2E-9A17-0E7F51603E05}.Release|Any CPU.Build.0 = Release|Any CPU
		{B209E025-98E7-4D3E-A3D0-ACEB4935DFCF}.Debug|Any CPU.ActiveCfg = Debug|Any CPU
		{B209E025-98E7-4D3E-A3D0-ACEB4935DFCF}.Debug|Any CPU.Build.0 = Debug|Any CPU
		{B209E025-98E7-4D3E-A3D0-ACEB4935DFCF}.Release|Any CPU.ActiveCfg = Release|Any CPU
		{B209E025-98E7-4D3E-A3D0-ACEB4935DFCF}.Release|Any CPU.Build.0 = Release|Any CPU
		{B70098A2-1BC4-4900-816E-CFC4B8D88561}.Debug|Any CPU.ActiveCfg = Debug|Any CPU
		{B70098A2-1BC4-4900-816E-CFC4B8D88561}.Debug|Any CPU.Build.0 = Debug|Any CPU
		{B70098A2-1BC4-4900-816E-CFC4B8D88561}.Release|Any CPU.ActiveCfg = Release|Any CPU
		{B70098A2-1BC4-4900-816E-CFC4B8D88561}.Release|Any CPU.Build.0 = Release|Any CPU
	EndGlobalSection
EndGlobal
